<?xml version="1.0" encoding="utf-8"?>
<Project ToolsVersion="4.0" xmlns="http://schemas.microsoft.com/developer/msbuild/2003">
  <ItemGroup>
    <Filter Include="Source Files">
      <UniqueIdentifier>{4FC737F1-C7A5-4376-A066-2A32D752A2FF}</UniqueIdentifier>
      <Extensions>cpp;c;cc;cxx;c++;cppm;ixx;def;odl;idl;hpj;bat;asm;asmx</Extensions>
    </Filter>
    <Filter Include="Header Files">
      <UniqueIdentifier>{93995380-89BD-4b04-88EB-625FBE52EBFB}</UniqueIdentifier>
      <Extensions>h;hh;hpp;hxx;h++;hm;inl;inc;ipp;xsd</Extensions>
    </Filter>
    <Filter Include="Resource Files">
      <UniqueIdentifier>{67DA6AB6-F800-4c08-8B7A-83BB121AAD01}</UniqueIdentifier>
      <Extensions>rc;ico;cur;bmp;dlg;rc2;rct;bin;rgs;gif;jpg;jpeg;jpe;resx;tiff;tif;png;wav;mfcribbon-ms</Extensions>
    </Filter>
  </ItemGroup>
  <ItemGroup>
    <ClCompile Include="Source\Entry.cpp">
      <Filter>Source Files</Filter>
    </ClCompile>
    <ClCompile Include="Source\FrameWork\Window.cpp">
      <Filter>Source Files</Filter>
    </ClCompile>
    <ClCompile Include="Source\FrameWork\WindowClass.cpp">
      <Filter>Source Files</Filter>
    </ClCompile>
    <ClCompile Include="Source\FrameWork\MessageHandling.cpp">
      <Filter>Source Files</Filter>
    </ClCompile>
    <ClCompile Include="Source\ErrorHandling\JSException.cpp">
      <Filter>Source Files</Filter>
    </ClCompile>
    <ClCompile Include="Source\FrameWork\WindowException.cpp">
      <Filter>Source Files</Filter>
    </ClCompile>
    <ClCompile Include="Source\FrameWork\Events\EventKeyPressed.cpp">
      <Filter>Source Files</Filter>
    </ClCompile>
    <ClCompile Include="Source\FrameWork\Events\EventKeyReleased.cpp">
      <Filter>Source Files</Filter>
    </ClCompile>
    <ClCompile Include="Source\FrameWork\Events\EventMouseKeyPressed.cpp">
      <Filter>Source Files</Filter>
    </ClCompile>
    <ClCompile Include="Source\FrameWork\Events\EventMouseKeyReleased.cpp">
      <Filter>Source Files</Filter>
    </ClCompile>
    <ClCompile Include="Source\FrameWork\Events\EventMouseMoved.cpp">
      <Filter>Source Files</Filter>
    </ClCompile>
    <ClCompile Include="Source\FrameWork\EventSystem\EventProducer.cpp">
      <Filter>Source Files</Filter>
    </ClCompile>
    <ClCompile Include="Source\FrameWork\EventSystem\EventLiscener.cpp">
      <Filter>Source Files</Filter>
    </ClCompile>
    <ClCompile Include="Source\FrameWork\Events\EventKeyChar.cpp">
      <Filter>Source Files</Filter>
    </ClCompile>
    <ClCompile Include="Source\FrameWork\EventLisceners\Example\Button.cpp">
      <Filter>Source Files</Filter>
    </ClCompile>
    <ClCompile Include="Source\FrameWork\Events\EventLostFocus.cpp">
      <Filter>Source Files</Filter>
    </ClCompile>
    <ClCompile Include="Source\FrameWork\Events\EventMouseDoubleClick.cpp">
      <Filter>Source Files</Filter>
    </ClCompile>
    <ClCompile Include="Source\FrameWork\Events\EventMouseLeave.cpp">
      <Filter>Source Files</Filter>
    </ClCompile>
    <ClCompile Include="Source\FrameWork\Events\EventMouseHover.cpp">
      <Filter>Source Files</Filter>
    </ClCompile>
    <ClCompile Include="Source\ErrorHandling\TextLog.cpp">
      <Filter>Source Files</Filter>
    </ClCompile>
  </ItemGroup>
  <ItemGroup>
    <ClInclude Include="Source\JSWin.hpp">
      <Filter>Header Files</Filter>
    </ClInclude>
    <ClInclude Include="Source\Core.hpp">
      <Filter>Header Files</Filter>
    </ClInclude>
    <ClInclude Include="Source\FrameWork\Window.hpp">
      <Filter>Header Files</Filter>
    </ClInclude>
    <ClInclude Include="Source\Entry.hpp">
      <Filter>Header Files</Filter>
    </ClInclude>
    <ClInclude Include="Source\ErrorHandling\JSException.hpp">
      <Filter>Header Files</Filter>
    </ClInclude>
    <ClInclude Include="resource.h">
      <Filter>Header Files</Filter>
    </ClInclude>
    <ClInclude Include="resource1.h">
      <Filter>Header Files</Filter>
    </ClInclude>
    <ClInclude Include="Source\FrameWork\Events\Events.hpp">
      <Filter>Header Files</Filter>
    </ClInclude>
    <ClInclude Include="Source\FrameWork\Events\EventKeyPressed.hpp">
      <Filter>Header Files</Filter>
    </ClInclude>
    <ClInclude Include="Source\FrameWork\Events\EventKeyReleased.hpp">
      <Filter>Header Files</Filter>
    </ClInclude>
    <ClInclude Include="Source\FrameWork\Events\EventMouseKeyPressed.hpp">
      <Filter>Header Files</Filter>
    </ClInclude>
    <ClInclude Include="Source\FrameWork\Events\EventMouseKeyReleased.hpp">
      <Filter>Header Files</Filter>
    </ClInclude>
    <ClInclude Include="Source\FrameWork\Events\EventMouseMoved.hpp">
      <Filter>Header Files</Filter>
    </ClInclude>
    <ClInclude Include="Source\FrameWork\EventSystem\EventProducer.hpp">
      <Filter>Header Files</Filter>
    </ClInclude>
    <ClInclude Include="Source\FrameWork\EventSystem\EventLiscener.hpp">
      <Filter>Header Files</Filter>
    </ClInclude>
    <ClInclude Include="Source\FrameWork\Events\EventKeyChar.hpp">
      <Filter>Header Files</Filter>
    </ClInclude>
    <ClInclude Include="Source\FrameWork\EventLisceners\Example\Button.hpp">
      <Filter>Header Files</Filter>
    </ClInclude>
    <ClInclude Include="Source\FrameWork\Events\EventLostFocus.hpp">
      <Filter>Header Files</Filter>
    </ClInclude>
    <ClInclude Include="Source\FrameWork\Events\EventMouseDoubleClick.hpp">
      <Filter>Header Files</Filter>
    </ClInclude>
    <ClInclude Include="Source\FrameWork\Events\EventMouseLeave.hpp">
      <Filter>Header Files</Filter>
    </ClInclude>
    <ClInclude Include="Source\FrameWork\Events\EventMouseHover.hpp">
      <Filter>Header Files</Filter>
    </ClInclude>
    <ClInclude Include="Source\ErrorHandling\TextLog.hpp">
      <Filter>Header Files</Filter>
    </ClInclude>
  </ItemGroup>
  <ItemGroup>
    <ResourceCompile Include="Direct3DTutorials2.rc">
      <Filter>Resource Files</Filter>
    </ResourceCompile>
  </ItemGroup>
  <ItemGroup>
    <Image Include="JSIcon.ico">
      <Filter>Resource Files</Filter>
    </Image>
  </ItemGroup>
</Project>